
Microsoft Visual Studio Solution File, Format Version 12.00
# Visual Studio 15
VisualStudioVersion = 15.0.26403.7
MinimumVisualStudioVersion = 10.0.40219.1
Project("{2150E333-8FDC-42A3-9474-1A3956D46DE8}") = "libs", "libs", "{7150A050-6153-4874-BB7C-86B57B9B5C89}"
EndProject
Project("{2150E333-8FDC-42A3-9474-1A3956D46DE8}") = "projects", "projects", "{1219E934-4A02-4A54-8AF4-31B1A7205048}"
EndProject
Project("{8BC9CEB8-8B4A-11D0-8D11-00A0C91BC942}") = "crypto", "libs\crypto\Hash.vcxproj", "{A8F21223-719D-4971-A303-6FFB7C3C44EA}"
EndProject
Project("{8BC9CEB8-8B4A-11D0-8D11-00A0C91BC942}") = "logger", "libs\logger\logger.vcxproj", "{241420DC-D873-413C-AB83-B483D362558C}"
EndProject
Project("{8BC9CEB8-8B4A-11D0-8D11-00A0C91BC942}") = "serializer", "libs\serializer\serializer.vcxitems", "{9C3AE512-84FC-44E6-8BE3-115E401D0E3C}"
EndProject
Project("{8BC9CEB8-8B4A-11D0-8D11-00A0C91BC942}") = "memory", "libs\memory\MemoryAllocator.vcxproj", "{7EC61976-9DC7-44DB-AF14-67CE0EA68B65}"
EndProject
Project("{8BC9CEB8-8B4A-11D0-8D11-00A0C91BC942}") = "map", "projects\map\map.vcxproj", "{4EF0FC9A-D2B0-4787-907C-608215742C65}"
EndProject
Project("{8BC9CEB8-8B4A-11D0-8D11-00A0C91BC942}") = "pakpak", "projects\pakpak\pakpak.vcxproj", "{10385EFC-078E-4706-BA17-CBD9E59BCC8B}"
EndProject
Project("{2150E333-8FDC-42A3-9474-1A3956D46DE8}") = "server", "server", "{A1F87238-23C8-4E87-A05F-16D70C269C3D}"
EndProject
Project("{8BC9CEB8-8B4A-11D0-8D11-00A0C91BC942}") = "connect_manager", "projects\server\connect_manager\connect_manager.vcxproj", "{5F55893F-40B9-4CEF-BCCE-65A9ACC29431}"
EndProject
Project("{8BC9CEB8-8B4A-11D0-8D11-00A0C91BC942}") = "network", "libs\network\network.vcxproj", "{79E40AD2-4E62-4892-838E-295E56BF43C8}"
EndProject
Project("{8BC9CEB8-8B4A-11D0-8D11-00A0C91BC942}") = "exceptions", "libs\exceptions\exceptions.vcxproj", "{FFDCE64E-932C-4D89-B5B4-934708A5AC52}"
EndProject
Project("{8BC9CEB8-8B4A-11D0-8D11-00A0C91BC942}") = "ini", "libs\ini\ini.vcxproj", "{DD5C24E8-81C8-413A-8F04-26DB6E2B6406}"
EndProject
Project("{8BC9CEB8-8B4A-11D0-8D11-00A0C91BC942}") = "client_test", "projects\server\client_test\client_test.vcxproj", "{4414770E-338A-4361-B97B-E69597FA36DA}"
EndProject
Project("{8BC9CEB8-8B4A-11D0-8D11-00A0C91BC942}") = "game_server", "projects\server\game_server\game_server.vcxproj", "{2332DBF6-1266-4F76-8718-694FC456644C}"
EndProject
Project("{8BC9CEB8-8B4A-11D0-8D11-00A0C91BC942}") = "packet", "libs\packet\packet.vcxproj", "{6FF3DDFE-85A5-40E9-9668-21FC5E58FD7A}"
EndProject
Project("{8BC9CEB8-8B4A-11D0-8D11-00A0C91BC942}") = "multithread", "libs\multithread\multithread.vcxproj", "{48EC69D9-A84B-4BF2-87F6-A6F06A426C56}"
EndProject
Global
	GlobalSection(SolutionConfigurationPlatforms) = preSolution
		Debug|x64 = Debug|x64
		Debug|x86 = Debug|x86
		Release|x64 = Release|x64
		Release|x86 = Release|x86
	EndGlobalSection
	GlobalSection(ProjectConfigurationPlatforms) = postSolution
		{A8F21223-719D-4971-A303-6FFB7C3C44EA}.Debug|x64.ActiveCfg = Debug|x64
		{A8F21223-719D-4971-A303-6FFB7C3C44EA}.Debug|x64.Build.0 = Debug|x64
		{A8F21223-719D-4971-A303-6FFB7C3C44EA}.Debug|x86.ActiveCfg = Debug|Win32
		{A8F21223-719D-4971-A303-6FFB7C3C44EA}.Debug|x86.Build.0 = Debug|Win32
		{A8F21223-719D-4971-A303-6FFB7C3C44EA}.Release|x64.ActiveCfg = Release|x64
		{A8F21223-719D-4971-A303-6FFB7C3C44EA}.Release|x64.Build.0 = Release|x64
		{A8F21223-719D-4971-A303-6FFB7C3C44EA}.Release|x86.ActiveCfg = Release|Win32
		{A8F21223-719D-4971-A303-6FFB7C3C44EA}.Release|x86.Build.0 = Release|Win32
		{241420DC-D873-413C-AB83-B483D362558C}.Debug|x64.ActiveCfg = Debug|x64
		{241420DC-D873-413C-AB83-B483D362558C}.Debug|x64.Build.0 = Debug|x64
		{241420DC-D873-413C-AB83-B483D362558C}.Debug|x86.ActiveCfg = Debug|Win32
		{241420DC-D873-413C-AB83-B483D362558C}.Debug|x86.Build.0 = Debug|Win32
		{241420DC-D873-413C-AB83-B483D362558C}.Release|x64.ActiveCfg = Release|x64
		{241420DC-D873-413C-AB83-B483D362558C}.Release|x64.Build.0 = Release|x64
		{241420DC-D873-413C-AB83-B483D362558C}.Release|x86.ActiveCfg = Release|Win32
		{241420DC-D873-413C-AB83-B483D362558C}.Release|x86.Build.0 = Release|Win32
		{7EC61976-9DC7-44DB-AF14-67CE0EA68B65}.Debug|x64.ActiveCfg = Debug|x64
		{7EC61976-9DC7-44DB-AF14-67CE0EA68B65}.Debug|x64.Build.0 = Debug|x64
		{7EC61976-9DC7-44DB-AF14-67CE0EA68B65}.Debug|x86.ActiveCfg = Debug|Win32
		{7EC61976-9DC7-44DB-AF14-67CE0EA68B65}.Debug|x86.Build.0 = Debug|Win32
		{7EC61976-9DC7-44DB-AF14-67CE0EA68B65}.Release|x64.ActiveCfg = Release|x64
		{7EC61976-9DC7-44DB-AF14-67CE0EA68B65}.Release|x64.Build.0 = Release|x64
		{7EC61976-9DC7-44DB-AF14-67CE0EA68B65}.Release|x86.ActiveCfg = Release|Win32
		{7EC61976-9DC7-44DB-AF14-67CE0EA68B65}.Release|x86.Build.0 = Release|Win32
		{4EF0FC9A-D2B0-4787-907C-608215742C65}.Debug|x64.ActiveCfg = Debug|x64
		{4EF0FC9A-D2B0-4787-907C-608215742C65}.Debug|x64.Build.0 = Debug|x64
		{4EF0FC9A-D2B0-4787-907C-608215742C65}.Debug|x86.ActiveCfg = Debug|Win32
		{4EF0FC9A-D2B0-4787-907C-608215742C65}.Debug|x86.Build.0 = Debug|Win32
		{4EF0FC9A-D2B0-4787-907C-608215742C65}.Release|x64.ActiveCfg = Release|x64
		{4EF0FC9A-D2B0-4787-907C-608215742C65}.Release|x64.Build.0 = Release|x64
		{4EF0FC9A-D2B0-4787-907C-608215742C65}.Release|x86.ActiveCfg = Release|Win32
		{4EF0FC9A-D2B0-4787-907C-608215742C65}.Release|x86.Build.0 = Release|Win32
		{10385EFC-078E-4706-BA17-CBD9E59BCC8B}.Debug|x64.ActiveCfg = Debug|x64
		{10385EFC-078E-4706-BA17-CBD9E59BCC8B}.Debug|x64.Build.0 = Debug|x64
		{10385EFC-078E-4706-BA17-CBD9E59BCC8B}.Debug|x86.ActiveCfg = Debug|Win32
		{10385EFC-078E-4706-BA17-CBD9E59BCC8B}.Debug|x86.Build.0 = Debug|Win32
		{10385EFC-078E-4706-BA17-CBD9E59BCC8B}.Release|x64.ActiveCfg = Release|x64
		{10385EFC-078E-4706-BA17-CBD9E59BCC8B}.Release|x64.Build.0 = Release|x64
		{10385EFC-078E-4706-BA17-CBD9E59BCC8B}.Release|x86.ActiveCfg = Release|Win32
		{10385EFC-078E-4706-BA17-CBD9E59BCC8B}.Release|x86.Build.0 = Release|Win32
		{5F55893F-40B9-4CEF-BCCE-65A9ACC29431}.Debug|x64.ActiveCfg = Debug|x64
		{5F55893F-40B9-4CEF-BCCE-65A9ACC29431}.Debug|x64.Build.0 = Debug|x64
		{5F55893F-40B9-4CEF-BCCE-65A9ACC29431}.Debug|x86.ActiveCfg = Debug|Win32
		{5F55893F-40B9-4CEF-BCCE-65A9ACC29431}.Debug|x86.Build.0 = Debug|Win32
		{5F55893F-40B9-4CEF-BCCE-65A9ACC29431}.Release|x64.ActiveCfg = Release|x64
		{5F55893F-40B9-4CEF-BCCE-65A9ACC29431}.Release|x64.Build.0 = Release|x64
		{5F55893F-40B9-4CEF-BCCE-65A9ACC29431}.Release|x86.ActiveCfg = Release|Win32
		{5F55893F-40B9-4CEF-BCCE-65A9ACC29431}.Release|x86.Build.0 = Release|Win32
		{79E40AD2-4E62-4892-838E-295E56BF43C8}.Debug|x64.ActiveCfg = Debug|x64
		{79E40AD2-4E62-4892-838E-295E56BF43C8}.Debug|x64.Build.0 = Debug|x64
		{79E40AD2-4E62-4892-838E-295E56BF43C8}.Debug|x86.ActiveCfg = Debug|Win32
		{79E40AD2-4E62-4892-838E-295E56BF43C8}.Debug|x86.Build.0 = Debug|Win32
		{79E40AD2-4E62-4892-838E-295E56BF43C8}.Release|x64.ActiveCfg = Release|x64
		{79E40AD2-4E62-4892-838E-295E56BF43C8}.Release|x64.Build.0 = Release|x64
		{79E40AD2-4E62-4892-838E-295E56BF43C8}.Release|x86.ActiveCfg = Release|Win32
		{79E40AD2-4E62-4892-838E-295E56BF43C8}.Release|x86.Build.0 = Release|Win32
		{FFDCE64E-932C-4D89-B5B4-934708A5AC52}.Debug|x64.ActiveCfg = Debug|x64
		{FFDCE64E-932C-4D89-B5B4-934708A5AC52}.Debug|x64.Build.0 = Debug|x64
		{FFDCE64E-932C-4D89-B5B4-934708A5AC52}.Debug|x86.ActiveCfg = Debug|Win32
		{FFDCE64E-932C-4D89-B5B4-934708A5AC52}.Debug|x86.Build.0 = Debug|Win32
		{FFDCE64E-932C-4D89-B5B4-934708A5AC52}.Release|x64.ActiveCfg = Release|x64
		{FFDCE64E-932C-4D89-B5B4-934708A5AC52}.Release|x64.Build.0 = Release|x64
		{FFDCE64E-932C-4D89-B5B4-934708A5AC52}.Release|x86.ActiveCfg = Release|Win32
		{FFDCE64E-932C-4D89-B5B4-934708A5AC52}.Release|x86.Build.0 = Release|Win32
		{DD5C24E8-81C8-413A-8F04-26DB6E2B6406}.Debug|x64.ActiveCfg = Debug|x64
		{DD5C24E8-81C8-413A-8F04-26DB6E2B6406}.Debug|x64.Build.0 = Debug|x64
		{DD5C24E8-81C8-413A-8F04-26DB6E2B6406}.Debug|x86.ActiveCfg = Debug|Win32
		{DD5C24E8-81C8-413A-8F04-26DB6E2B6406}.Debug|x86.Build.0 = Debug|Win32
		{DD5C24E8-81C8-413A-8F04-26DB6E2B6406}.Release|x64.ActiveCfg = Release|x64
		{DD5C24E8-81C8-413A-8F04-26DB6E2B6406}.Release|x64.Build.0 = Release|x64
		{DD5C24E8-81C8-413A-8F04-26DB6E2B6406}.Release|x86.ActiveCfg = Release|Win32
		{DD5C24E8-81C8-413A-8F04-26DB6E2B6406}.Release|x86.Build.0 = Release|Win32
		{4414770E-338A-4361-B97B-E69597FA36DA}.Debug|x64.ActiveCfg = Debug|x64
		{4414770E-338A-4361-B97B-E69597FA36DA}.Debug|x64.Build.0 = Debug|x64
		{4414770E-338A-4361-B97B-E69597FA36DA}.Debug|x86.ActiveCfg = Debug|Win32
		{4414770E-338A-4361-B97B-E69597FA36DA}.Debug|x86.Build.0 = Debug|Win32
		{4414770E-338A-4361-B97B-E69597FA36DA}.Release|x64.ActiveCfg = Release|x64
		{4414770E-338A-4361-B97B-E69597FA36DA}.Release|x64.Build.0 = Release|x64
		{4414770E-338A-4361-B97B-E69597FA36DA}.Release|x86.ActiveCfg = Release|Win32
		{4414770E-338A-4361-B97B-E69597FA36DA}.Release|x86.Build.0 = Release|Win32
		{2332DBF6-1266-4F76-8718-694FC456644C}.Debug|x64.ActiveCfg = Debug|x64
		{2332DBF6-1266-4F76-8718-694FC456644C}.Debug|x64.Build.0 = Debug|x64
		{2332DBF6-1266-4F76-8718-694FC456644C}.Debug|x86.ActiveCfg = Debug|Win32
		{2332DBF6-1266-4F76-8718-694FC456644C}.Debug|x86.Build.0 = Debug|Win32
		{2332DBF6-1266-4F76-8718-694FC456644C}.Release|x64.ActiveCfg = Release|x64
		{2332DBF6-1266-4F76-8718-694FC456644C}.Release|x64.Build.0 = Release|x64
		{2332DBF6-1266-4F76-8718-694FC456644C}.Release|x86.ActiveCfg = Release|Win32
		{2332DBF6-1266-4F76-8718-694FC456644C}.Release|x86.Build.0 = Release|Win32
		{6FF3DDFE-85A5-40E9-9668-21FC5E58FD7A}.Debug|x64.ActiveCfg = Debug|x64
		{6FF3DDFE-85A5-40E9-9668-21FC5E58FD7A}.Debug|x64.Build.0 = Debug|x64
		{6FF3DDFE-85A5-40E9-9668-21FC5E58FD7A}.Debug|x86.ActiveCfg = Debug|Win32
		{6FF3DDFE-85A5-40E9-9668-21FC5E58FD7A}.Debug|x86.Build.0 = Debug|Win32
		{6FF3DDFE-85A5-40E9-9668-21FC5E58FD7A}.Release|x64.ActiveCfg = Release|x64
		{6FF3DDFE-85A5-40E9-9668-21FC5E58FD7A}.Release|x64.Build.0 = Release|x64
		{6FF3DDFE-85A5-40E9-9668-21FC5E58FD7A}.Release|x86.ActiveCfg = Release|Win32
		{6FF3DDFE-85A5-40E9-9668-21FC5E58FD7A}.Release|x86.Build.0 = Release|Win32
		{48EC69D9-A84B-4BF2-87F6-A6F06A426C56}.Debug|x64.ActiveCfg = Debug|x64
		{48EC69D9-A84B-4BF2-87F6-A6F06A426C56}.Debug|x64.Build.0 = Debug|x64
		{48EC69D9-A84B-4BF2-87F6-A6F06A426C56}.Debug|x86.ActiveCfg = Debug|Win32
		{48EC69D9-A84B-4BF2-87F6-A6F06A426C56}.Debug|x86.Build.0 = Debug|Win32
		{48EC69D9-A84B-4BF2-87F6-A6F06A426C56}.Release|x64.ActiveCfg = Release|x64
		{48EC69D9-A84B-4BF2-87F6-A6F06A426C56}.Release|x64.Build.0 = Release|x64
		{48EC69D9-A84B-4BF2-87F6-A6F06A426C56}.Release|x86.ActiveCfg = Release|Win32
		{48EC69D9-A84B-4BF2-87F6-A6F06A426C56}.Release|x86.Build.0 = Release|Win32
	EndGlobalSection
	GlobalSection(SolutionProperties) = preSolution
		HideSolutionNode = FALSE
	EndGlobalSection
	GlobalSection(NestedProjects) = preSolution
		{A8F21223-719D-4971-A303-6FFB7C3C44EA} = {7150A050-6153-4874-BB7C-86B57B9B5C89}
		{241420DC-D873-413C-AB83-B483D362558C} = {7150A050-6153-4874-BB7C-86B57B9B5C89}
		{9C3AE512-84FC-44E6-8BE3-115E401D0E3C} = {7150A050-6153-4874-BB7C-86B57B9B5C89}
		{7EC61976-9DC7-44DB-AF14-67CE0EA68B65} = {7150A050-6153-4874-BB7C-86B57B9B5C89}
		{4EF0FC9A-D2B0-4787-907C-608215742C65} = {1219E934-4A02-4A54-8AF4-31B1A7205048}
		{10385EFC-078E-4706-BA17-CBD9E59BCC8B} = {1219E934-4A02-4A54-8AF4-31B1A7205048}
		{A1F87238-23C8-4E87-A05F-16D70C269C3D} = {1219E934-4A02-4A54-8AF4-31B1A7205048}
		{5F55893F-40B9-4CEF-BCCE-65A9ACC29431} = {A1F87238-23C8-4E87-A05F-16D70C269C3D}
		{79E40AD2-4E62-4892-838E-295E56BF43C8} = {7150A050-6153-4874-BB7C-86B57B9B5C89}
		{FFDCE64E-932C-4D89-B5B4-934708A5AC52} = {7150A050-6153-4874-BB7C-86B57B9B5C89}
		{DD5C24E8-81C8-413A-8F04-26DB6E2B6406} = {7150A050-6153-4874-BB7C-86B57B9B5C89}
		{4414770E-338A-4361-B97B-E69597FA36DA} = {A1F87238-23C8-4E87-A05F-16D70C269C3D}
		{2332DBF6-1266-4F76-8718-694FC456644C} = {A1F87238-23C8-4E87-A05F-16D70C269C3D}
		{6FF3DDFE-85A5-40E9-9668-21FC5E58FD7A} = {7150A050-6153-4874-BB7C-86B57B9B5C89}
		{48EC69D9-A84B-4BF2-87F6-A6F06A426C56} = {7150A050-6153-4874-BB7C-86B57B9B5C89}
	EndGlobalSection
EndGlobal
