<?xml version="1.0" encoding="utf-8"?>
<Project ToolsVersion="4.0" xmlns="http://schemas.microsoft.com/developer/msbuild/2003">
  <ItemGroup>
    <Filter Include="Source Files">
      <UniqueIdentifier>{4FC737F1-C7A5-4376-A066-2A32D752A2FF}</UniqueIdentifier>
      <Extensions>cpp;c;cc;cxx;def;odl;idl;hpj;bat;asm;asmx</Extensions>
    </Filter>
    <Filter Include="Header Files">
      <UniqueIdentifier>{93995380-89BD-4b04-88EB-625FBE52EBFB}</UniqueIdentifier>
      <Extensions>h;hh;hpp;hxx;hm;inl;inc;xsd</Extensions>
    </Filter>
    <Filter Include="Resource Files">
      <UniqueIdentifier>{67DA6AB6-F800-4c08-8B7A-83BB121AAD01}</UniqueIdentifier>
      <Extensions>rc;ico;cur;bmp;dlg;rc2;rct;bin;rgs;gif;jpg;jpeg;jpe;resx;tiff;tif;png;wav;mfcribbon-ms</Extensions>
    </Filter>
  </ItemGroup>
  <ItemGroup>
    <Text Include="ReadMe.txt" />
  </ItemGroup>
  <ItemGroup>
    <ClCompile Include="src\AException.cpp">
      <Filter>Source Files</Filter>
    </ClCompile>
    <ClCompile Include="src\SockError.cpp">
      <Filter>Source Files</Filter>
    </ClCompile>
    <ClCompile Include="src\stdafx.cpp">
      <Filter>Source Files</Filter>
    </ClCompile>
    <ClCompile Include="src\IOError.cpp">
      <Filter>Source Files</Filter>
    </ClCompile>
    <ClCompile Include="src\PyFunctionArgError.cpp">
      <Filter>Source Files</Filter>
    </ClCompile>
    <ClCompile Include="src\PyFunctionInitializationError.cpp">
      <Filter>Source Files</Filter>
    </ClCompile>
    <ClCompile Include="src\PyFunctionReturnError.cpp">
      <Filter>Source Files</Filter>
    </ClCompile>
    <ClCompile Include="src\PyInitializationError.cpp">
      <Filter>Source Files</Filter>
    </ClCompile>
    <ClCompile Include="src\GUIError.cpp">
      <Filter>Source Files</Filter>
    </ClCompile>
    <ClCompile Include="src\MapError.cpp">
      <Filter>Source Files</Filter>
    </ClCompile>
    <ClCompile Include="src\NetworkConnectionError.cpp">
      <Filter>Source Files</Filter>
    </ClCompile>
    <ClCompile Include="src\NetworkInvalidAddressError.cpp">
      <Filter>Source Files</Filter>
    </ClCompile>
    <ClCompile Include="src\NetworkInvalidMapError.cpp">
      <Filter>Source Files</Filter>
    </ClCompile>
    <ClCompile Include="src\NetworkInvalidPacketError.cpp">
      <Filter>Source Files</Filter>
    </ClCompile>
    <ClCompile Include="src\NetworkReadPacketError.cpp">
      <Filter>Source Files</Filter>
    </ClCompile>
    <ClCompile Include="src\NetworkWritePacketError.cpp">
      <Filter>Source Files</Filter>
    </ClCompile>
  </ItemGroup>
  <ItemGroup>
    <ClInclude Include="include\AException.hpp">
      <Filter>Header Files</Filter>
    </ClInclude>
    <ClInclude Include="include\exceptions_stdafx.hpp">
      <Filter>Header Files</Filter>
    </ClInclude>
    <ClInclude Include="include\exceptions_targetver.h">
      <Filter>Header Files</Filter>
    </ClInclude>
    <ClInclude Include="include\SockError.hpp">
      <Filter>Header Files</Filter>
    </ClInclude>
    <ClInclude Include="include\IOError.hpp">
      <Filter>Header Files</Filter>
    </ClInclude>
    <ClInclude Include="include\PyFunctionArgError.hpp">
      <Filter>Header Files</Filter>
    </ClInclude>
    <ClInclude Include="include\PyFunctionInitializationError.hpp">
      <Filter>Header Files</Filter>
    </ClInclude>
    <ClInclude Include="include\PyFunctionReturnError.hpp">
      <Filter>Header Files</Filter>
    </ClInclude>
    <ClInclude Include="include\PyInitializationError.hpp">
      <Filter>Header Files</Filter>
    </ClInclude>
    <ClInclude Include="include\GUIError.hpp">
      <Filter>Header Files</Filter>
    </ClInclude>
    <ClInclude Include="include\MapError.hpp">
      <Filter>Header Files</Filter>
    </ClInclude>
    <ClInclude Include="include\NetworkConnectionError.hpp">
      <Filter>Header Files</Filter>
    </ClInclude>
    <ClInclude Include="include\NetworkInvalidAddressError.hpp">
      <Filter>Header Files</Filter>
    </ClInclude>
    <ClInclude Include="include\NetworkInvalidMapError.hpp">
      <Filter>Header Files</Filter>
    </ClInclude>
    <ClInclude Include="include\NetworkInvalidPacketError.hpp">
      <Filter>Header Files</Filter>
    </ClInclude>
    <ClInclude Include="include\NetworkReadPacketError.hpp">
      <Filter>Header Files</Filter>
    </ClInclude>
    <ClInclude Include="include\NetworkWritePacketError.hpp">
      <Filter>Header Files</Filter>
    </ClInclude>
  </ItemGroup>
</Project>