<?xml version="1.0" encoding="utf-8"?>
<Project ToolsVersion="4.0" xmlns="http://schemas.microsoft.com/developer/msbuild/2003">
  <ItemGroup>
    <Filter Include="Source Files">
      <UniqueIdentifier>{4FC737F1-C7A5-4376-A066-2A32D752A2FF}</UniqueIdentifier>
      <Extensions>cpp;c;cc;cxx;def;odl;idl;hpj;bat;asm;asmx</Extensions>
    </Filter>
    <Filter Include="Header Files">
      <UniqueIdentifier>{93995380-89BD-4b04-88EB-625FBE52EBFB}</UniqueIdentifier>
      <Extensions>h;hh;hpp;hxx;hm;inl;inc;xsd</Extensions>
    </Filter>
    <Filter Include="Resource Files">
      <UniqueIdentifier>{67DA6AB6-F800-4c08-8B7A-83BB121AAD01}</UniqueIdentifier>
      <Extensions>rc;ico;cur;bmp;dlg;rc2;rct;bin;rgs;gif;jpg;jpeg;jpe;resx;tiff;tif;png;wav;mfcribbon-ms</Extensions>
    </Filter>
    <Filter Include="Header Files\game">
      <UniqueIdentifier>{a0b35e9b-6d1f-4ca1-93ea-795128bffa14}</UniqueIdentifier>
    </Filter>
    <Filter Include="Header Files\game\layer">
      <UniqueIdentifier>{08e29539-4762-42a3-90ea-9a90ab0a9cc1}</UniqueIdentifier>
    </Filter>
    <Filter Include="Header Files\game\car">
      <UniqueIdentifier>{0c66f57e-4502-406f-abd0-31a481722668}</UniqueIdentifier>
    </Filter>
    <Filter Include="Source Files\game">
      <UniqueIdentifier>{fbdee79a-a701-4dec-b8ed-8135ac58d43e}</UniqueIdentifier>
    </Filter>
    <Filter Include="Source Files\game\layer">
      <UniqueIdentifier>{cec8186a-36d4-4cf0-929f-81dc21cf1c3f}</UniqueIdentifier>
    </Filter>
    <Filter Include="Source Files\game\car">
      <UniqueIdentifier>{df02045e-e463-403e-a8b1-97d42eb154be}</UniqueIdentifier>
    </Filter>
    <Filter Include="Header Files\game\map">
      <UniqueIdentifier>{a589726b-bc2a-481f-a635-583ad24f5c60}</UniqueIdentifier>
    </Filter>
    <Filter Include="Source Files\game\map">
      <UniqueIdentifier>{7bc6dffe-5d7b-4c02-82fc-23131be54ed4}</UniqueIdentifier>
    </Filter>
    <Filter Include="Source Files\physic">
      <UniqueIdentifier>{e0401159-fe17-4e45-8b11-ddcbde16491d}</UniqueIdentifier>
    </Filter>
    <Filter Include="Header Files\game\tools">
      <UniqueIdentifier>{3037a546-a5fe-465d-bef5-e47e9e473f2c}</UniqueIdentifier>
    </Filter>
    <Filter Include="Source Files\game\tools">
      <UniqueIdentifier>{94d3db9e-e476-4f73-baa3-8479bcfaa0d0}</UniqueIdentifier>
    </Filter>
    <Filter Include="Source Files\game\menu">
      <UniqueIdentifier>{132be8f4-2523-437e-9e32-0d7201b665f9}</UniqueIdentifier>
    </Filter>
    <Filter Include="Header Files\game\menu">
      <UniqueIdentifier>{47670d33-48f1-43a9-a6e6-2b3fd6d3992c}</UniqueIdentifier>
    </Filter>
  </ItemGroup>
  <ItemGroup>
    <ClCompile Include="src\stdafx.cpp">
      <Filter>Source Files</Filter>
    </ClCompile>
    <ClCompile Include="src\AppLauncher.cpp">
      <Filter>Source Files</Filter>
    </ClCompile>
    <ClCompile Include="src\InputListener.cpp">
      <Filter>Source Files</Filter>
    </ClCompile>
    <ClCompile Include="src\main.cpp">
      <Filter>Source Files</Filter>
    </ClCompile>
    <ClCompile Include="src\AContext.cpp">
      <Filter>Source Files</Filter>
    </ClCompile>
    <ClCompile Include="src\ContextSplash.cpp">
      <Filter>Source Files</Filter>
    </ClCompile>
    <ClCompile Include="src\ContextGame.cpp">
      <Filter>Source Files</Filter>
    </ClCompile>
    <ClCompile Include="src\game\GameData.cpp">
      <Filter>Source Files\game</Filter>
    </ClCompile>
    <ClCompile Include="src\game\LocalPlayer.cpp">
      <Filter>Source Files\game</Filter>
    </ClCompile>
    <ClCompile Include="src\game\PlayerData.cpp">
      <Filter>Source Files\game</Filter>
    </ClCompile>
    <ClCompile Include="src\game\layer\ALayer.cpp">
      <Filter>Source Files\game\layer</Filter>
    </ClCompile>
    <ClCompile Include="src\game\layer\Chat.cpp">
      <Filter>Source Files\game\layer</Filter>
    </ClCompile>
    <ClCompile Include="src\game\layer\GameGUI.cpp">
      <Filter>Source Files\game\layer</Filter>
    </ClCompile>
    <ClCompile Include="src\game\layer\InGame.cpp">
      <Filter>Source Files\game\layer</Filter>
    </ClCompile>
    <ClCompile Include="src\game\layer\Loading.cpp">
      <Filter>Source Files\game\layer</Filter>
    </ClCompile>
    <ClCompile Include="src\game\layer\Menu.cpp">
      <Filter>Source Files\game\layer</Filter>
    </ClCompile>
    <ClCompile Include="src\game\layer\PostGame.cpp">
      <Filter>Source Files\game\layer</Filter>
    </ClCompile>
    <ClCompile Include="src\game\layer\PreGame.cpp">
      <Filter>Source Files\game\layer</Filter>
    </ClCompile>
    <ClCompile Include="src\game\layer\Score.cpp">
      <Filter>Source Files\game\layer</Filter>
    </ClCompile>
    <ClCompile Include="src\game\layer\SpecGUI.cpp">
      <Filter>Source Files\game\layer</Filter>
    </ClCompile>
    <ClCompile Include="src\game\layer\Spectator.cpp">
      <Filter>Source Files\game\layer</Filter>
    </ClCompile>
    <ClCompile Include="src\game\car\ACar.cpp">
      <Filter>Source Files\game\car</Filter>
    </ClCompile>
    <ClCompile Include="src\game\car\EmptyCar.cpp">
      <Filter>Source Files\game\car</Filter>
    </ClCompile>
    <ClCompile Include="src\game\map\Map.cpp">
      <Filter>Source Files\game\map</Filter>
    </ClCompile>
    <ClCompile Include="src\game\map\PathPoint.cpp">
      <Filter>Source Files</Filter>
    </ClCompile>
    <ClCompile Include="src\game\tools\Tools.cpp">
      <Filter>Source Files\game\tools</Filter>
    </ClCompile>
    <ClCompile Include="src\game\menu\AssetSetter.cpp">
      <Filter>Source Files\game\menu</Filter>
    </ClCompile>
    <ClCompile Include="src\game\menu\ContextMenu.cpp">
      <Filter>Source Files\game\menu</Filter>
    </ClCompile>
    <ClCompile Include="src\game\menu\GUI.cpp">
      <Filter>Source Files\game\menu</Filter>
    </ClCompile>
    <ClCompile Include="src\game\menu\InGameHUD.cpp">
      <Filter>Source Files\game\menu</Filter>
    </ClCompile>
    <ClCompile Include="src\game\menu\InGamePause.cpp">
      <Filter>Source Files\game\menu</Filter>
    </ClCompile>
    <ClCompile Include="src\game\menu\MainMenu.cpp">
      <Filter>Source Files\game\menu</Filter>
    </ClCompile>
    <ClCompile Include="src\game\menu\MenuKeymap.cpp">
      <Filter>Source Files\game\menu</Filter>
    </ClCompile>
    <ClCompile Include="src\game\menu\MenuManager.cpp">
      <Filter>Source Files\game\menu</Filter>
    </ClCompile>
    <ClCompile Include="src\game\menu\MenuMultiplayer.cpp">
      <Filter>Source Files\game\menu</Filter>
    </ClCompile>
    <ClCompile Include="src\game\menu\MenuOptions.cpp">
      <Filter>Source Files\game\menu</Filter>
    </ClCompile>
    <ClCompile Include="src\game\menu\MenuScores.cpp">
      <Filter>Source Files\game\menu</Filter>
    </ClCompile>
    <ClCompile Include="src\game\menu\MenuSolo.cpp">
      <Filter>Source Files\game\menu</Filter>
    </ClCompile>
    <ClCompile Include="src\SettingsPlayer.cpp">
      <Filter>Source Files</Filter>
    </ClCompile>
  </ItemGroup>
  <ItemGroup>
    <ClInclude Include="include\pakpak_stdafx.hpp">
      <Filter>Header Files</Filter>
    </ClInclude>
    <ClInclude Include="include\targetver.h">
      <Filter>Header Files</Filter>
    </ClInclude>
    <ClInclude Include="include\ContextSplash.hpp">
      <Filter>Header Files</Filter>
    </ClInclude>
    <ClInclude Include="include\IContext.hpp">
      <Filter>Header Files</Filter>
    </ClInclude>
    <ClInclude Include="include\ContextGame.hpp">
      <Filter>Header Files</Filter>
    </ClInclude>
    <ClInclude Include="include\FastStack.hpp">
      <Filter>Header Files</Filter>
    </ClInclude>
    <ClInclude Include="include\FastList.hpp">
      <Filter>Header Files</Filter>
    </ClInclude>
    <ClInclude Include="include\GameState.hpp">
      <Filter>Header Files</Filter>
    </ClInclude>
    <ClInclude Include="include\ContextMenu.hpp">
      <Filter>Header Files</Filter>
    </ClInclude>
    <ClInclude Include="include\AContext.hpp">
      <Filter>Header Files</Filter>
    </ClInclude>
    <ClInclude Include="include\AppLauncher.hpp">
      <Filter>Header Files</Filter>
    </ClInclude>
    <ClInclude Include="include\InputListener.hpp">
      <Filter>Header Files</Filter>
    </ClInclude>
    <ClInclude Include="include\IEventHandler.hpp">
      <Filter>Header Files</Filter>
    </ClInclude>
    <ClInclude Include="include\game\CameraMode.hpp">
      <Filter>Header Files\game</Filter>
    </ClInclude>
    <ClInclude Include="include\game\GameData.hpp">
      <Filter>Header Files\game</Filter>
    </ClInclude>
    <ClInclude Include="include\game\LocalPlayer.hpp">
      <Filter>Header Files\game</Filter>
    </ClInclude>
    <ClInclude Include="include\game\PlayerData.hpp">
      <Filter>Header Files\game</Filter>
    </ClInclude>
    <ClInclude Include="include\game\layer\ALayer.hpp">
      <Filter>Header Files\game\layer</Filter>
    </ClInclude>
    <ClInclude Include="include\game\layer\Chat.hpp">
      <Filter>Header Files\game\layer</Filter>
    </ClInclude>
    <ClInclude Include="include\game\layer\GameGUI.hpp">
      <Filter>Header Files\game\layer</Filter>
    </ClInclude>
    <ClInclude Include="include\game\layer\GameLayer.hpp">
      <Filter>Header Files\game\layer</Filter>
    </ClInclude>
    <ClInclude Include="include\game\layer\ILayer.hpp">
      <Filter>Header Files\game\layer</Filter>
    </ClInclude>
    <ClInclude Include="include\game\layer\ILayerStack.hpp">
      <Filter>Header Files\game\layer</Filter>
    </ClInclude>
    <ClInclude Include="include\game\layer\InGame.hpp">
      <Filter>Header Files\game\layer</Filter>
    </ClInclude>
    <ClInclude Include="include\game\layer\Loading.hpp">
      <Filter>Header Files\game\layer</Filter>
    </ClInclude>
    <ClInclude Include="include\game\layer\Menu.hpp">
      <Filter>Header Files\game\layer</Filter>
    </ClInclude>
    <ClInclude Include="include\game\layer\PostGame.hpp">
      <Filter>Header Files\game\layer</Filter>
    </ClInclude>
    <ClInclude Include="include\game\layer\PreGame.hpp">
      <Filter>Header Files\game\layer</Filter>
    </ClInclude>
    <ClInclude Include="include\game\layer\Score.hpp">
      <Filter>Header Files\game\layer</Filter>
    </ClInclude>
    <ClInclude Include="include\game\layer\SpecGUI.hpp">
      <Filter>Header Files\game\layer</Filter>
    </ClInclude>
    <ClInclude Include="include\game\layer\Spectator.hpp">
      <Filter>Header Files\game\layer</Filter>
    </ClInclude>
    <ClInclude Include="include\game\car\ACar.hpp">
      <Filter>Header Files\game\car</Filter>
    </ClInclude>
    <ClInclude Include="include\game\car\EmptyCar.hpp">
      <Filter>Header Files\game\car</Filter>
    </ClInclude>
    <ClInclude Include="include\game\map\Map.hpp">
      <Filter>Header Files\game\map</Filter>
    </ClInclude>
    <ClInclude Include="include\game\map\PathPoint.hpp">
      <Filter>Header Files\game\map</Filter>
    </ClInclude>
    <ClInclude Include="include\game\tools\Tools.hpp">
      <Filter>Header Files\game\tools</Filter>
    </ClInclude>
    <ClInclude Include="include\game\menu\AssetSetter.hpp">
      <Filter>Header Files\game\menu</Filter>
    </ClInclude>
    <ClInclude Include="include\game\menu\ContextMenu.hpp">
      <Filter>Header Files\game\menu</Filter>
    </ClInclude>
    <ClInclude Include="include\game\menu\GUI.hpp">
      <Filter>Header Files\game\menu</Filter>
    </ClInclude>
    <ClInclude Include="include\game\menu\IMenuLayer.hpp">
      <Filter>Header Files\game\menu</Filter>
    </ClInclude>
    <ClInclude Include="include\game\menu\InGameHUD.hpp">
      <Filter>Header Files\game\menu</Filter>
    </ClInclude>
    <ClInclude Include="include\game\menu\InGamePause.hpp">
      <Filter>Header Files\game\menu</Filter>
    </ClInclude>
    <ClInclude Include="include\game\menu\MainMenu.hpp">
      <Filter>Header Files\game\menu</Filter>
    </ClInclude>
    <ClInclude Include="include\game\menu\MenuKeymap.hpp">
      <Filter>Header Files\game\menu</Filter>
    </ClInclude>
    <ClInclude Include="include\game\menu\MenuManager.hpp">
      <Filter>Header Files\game\menu</Filter>
    </ClInclude>
    <ClInclude Include="include\game\menu\MenuMultiplayer.hpp">
      <Filter>Header Files\game\menu</Filter>
    </ClInclude>
    <ClInclude Include="include\game\menu\MenuOptions.hpp">
      <Filter>Header Files\game\menu</Filter>
    </ClInclude>
    <ClInclude Include="include\game\menu\MenuScores.hpp">
      <Filter>Header Files\game\menu</Filter>
    </ClInclude>
    <ClInclude Include="include\game\menu\MenuSolo.hpp">
      <Filter>Header Files\game\menu</Filter>
    </ClInclude>
    <ClInclude Include="include\SettingsPlayer.hpp">
      <Filter>Header Files</Filter>
    </ClInclude>
  </ItemGroup>
</Project>